
Microsoft Visual Studio Solution File, Format Version 12.00
# Visual Studio Version 17
VisualStudioVersion = 17.6.33712.159
MinimumVisualStudioVersion = 10.0.40219.1
Project("{FAE04EC0-301F-11D3-BF4B-00C04F79EFBC}") = "Recursion", "Recursion.csproj", "{CA7520E3-A8F3-45FF-AEAD-159C1CB564EF}"
EndProject
Global
	GlobalSection(SolutionConfigurationPlatforms) = preSolution
		Debug|Any CPU = Debug|Any CPU
		Release|Any CPU = Release|Any CPU
	EndGlobalSection
	GlobalSection(ProjectConfigurationPlatforms) = postSolution
		{CA7520E3-A8F3-45FF-AEAD-159C1CB564EF}.Debug|Any CPU.ActiveCfg = Debug|Any CPU
		{CA7520E3-A8F3-45FF-AEAD-159C1CB564EF}.Debug|Any CPU.Build.0 = Debug|Any CPU
		{CA7520E3-A8F3-45FF-AEAD-159C1CB564EF}.Release|Any CPU.ActiveCfg = Release|Any CPU
		{CA7520E3-A8F3-45FF-AEAD-159C1CB564EF}.Release|Any CPU.Build.0 = Release|Any CPU
	EndGlobalSection
	GlobalSection(SolutionProperties) = preSolution
		HideSolutionNode = FALSE
	EndGlobalSection
	GlobalSection(ExtensibilityGlobals) = postSolution
		SolutionGuid = {C235475F-F88B-4666-9BF0-1CD8519C5213}
	EndGlobalSection
EndGlobal
