
Microsoft Visual Studio Solution File, Format Version 12.00
# Visual Studio Version 17
VisualStudioVersion = 17.6.33712.159
MinimumVisualStudioVersion = 10.0.40219.1
Project("{FAE04EC0-301F-11D3-BF4B-00C04F79EFBC}") = "InterfaceInheritance", "InterfaceInheritance.csproj", "{61BE2B82-51DD-4932-95E7-9F55EA6BAE6C}"
EndProject
Project("{FAE04EC0-301F-11D3-BF4B-00C04F79EFBC}") = "Interfaceinheritancelibrary", "..\Interfaceinheritancelibrary\Interfaceinheritancelibrary.csproj", "{A05EAB29-C1F7-4887-BC9D-D45C2668E81A}"
EndProject
Global
	GlobalSection(SolutionConfigurationPlatforms) = preSolution
		Debug|Any CPU = Debug|Any CPU
		Release|Any CPU = Release|Any CPU
	EndGlobalSection
	GlobalSection(ProjectConfigurationPlatforms) = postSolution
		{61BE2B82-51DD-4932-95E7-9F55EA6BAE6C}.Debug|Any CPU.ActiveCfg = Debug|Any CPU
		{61BE2B82-51DD-4932-95E7-9F55EA6BAE6C}.Debug|Any CPU.Build.0 = Debug|Any CPU
		{61BE2B82-51DD-4932-95E7-9F55EA6BAE6C}.Release|Any CPU.ActiveCfg = Release|Any CPU
		{61BE2B82-51DD-4932-95E7-9F55EA6BAE6C}.Release|Any CPU.Build.0 = Release|Any CPU
		{A05EAB29-C1F7-4887-BC9D-D45C2668E81A}.Debug|Any CPU.ActiveCfg = Debug|Any CPU
		{A05EAB29-C1F7-4887-BC9D-D45C2668E81A}.Debug|Any CPU.Build.0 = Debug|Any CPU
		{A05EAB29-C1F7-4887-BC9D-D45C2668E81A}.Release|Any CPU.ActiveCfg = Release|Any CPU
		{A05EAB29-C1F7-4887-BC9D-D45C2668E81A}.Release|Any CPU.Build.0 = Release|Any CPU
	EndGlobalSection
	GlobalSection(SolutionProperties) = preSolution
		HideSolutionNode = FALSE
	EndGlobalSection
	GlobalSection(ExtensibilityGlobals) = postSolution
		SolutionGuid = {ACFB322E-76C9-42D3-B3F8-E40F624A3EE1}
	EndGlobalSection
EndGlobal
