
Microsoft Visual Studio Solution File, Format Version 12.00
# Visual Studio Version 17
VisualStudioVersion = 17.6.33712.159
MinimumVisualStudioVersion = 10.0.40219.1
Project("{FAE04EC0-301F-11D3-BF4B-00C04F79EFBC}") = "StaticClassExample", "StaticClassExample.csproj", "{5A47311C-572A-4725-B4DD-F7AA59CD02D4}"
EndProject
Project("{FAE04EC0-301F-11D3-BF4B-00C04F79EFBC}") = "StaticClassLibrary", "..\StaticClassLibrary\StaticClassLibrary.csproj", "{2B5D2DDF-AF68-406A-9A13-37D7794CED5F}"
EndProject
Global
	GlobalSection(SolutionConfigurationPlatforms) = preSolution
		Debug|Any CPU = Debug|Any CPU
		Release|Any CPU = Release|Any CPU
	EndGlobalSection
	GlobalSection(ProjectConfigurationPlatforms) = postSolution
		{5A47311C-572A-4725-B4DD-F7AA59CD02D4}.Debug|Any CPU.ActiveCfg = Debug|Any CPU
		{5A47311C-572A-4725-B4DD-F7AA59CD02D4}.Debug|Any CPU.Build.0 = Debug|Any CPU
		{5A47311C-572A-4725-B4DD-F7AA59CD02D4}.Release|Any CPU.ActiveCfg = Release|Any CPU
		{5A47311C-572A-4725-B4DD-F7AA59CD02D4}.Release|Any CPU.Build.0 = Release|Any CPU
		{2B5D2DDF-AF68-406A-9A13-37D7794CED5F}.Debug|Any CPU.ActiveCfg = Debug|Any CPU
		{2B5D2DDF-AF68-406A-9A13-37D7794CED5F}.Debug|Any CPU.Build.0 = Debug|Any CPU
		{2B5D2DDF-AF68-406A-9A13-37D7794CED5F}.Release|Any CPU.ActiveCfg = Release|Any CPU
		{2B5D2DDF-AF68-406A-9A13-37D7794CED5F}.Release|Any CPU.Build.0 = Release|Any CPU
	EndGlobalSection
	GlobalSection(SolutionProperties) = preSolution
		HideSolutionNode = FALSE
	EndGlobalSection
	GlobalSection(ExtensibilityGlobals) = postSolution
		SolutionGuid = {833AA748-6788-470E-AF8D-0CE08099591F}
	EndGlobalSection
EndGlobal
