
Microsoft Visual Studio Solution File, Format Version 12.00
# Visual Studio Version 17
VisualStudioVersion = 17.6.33712.159
MinimumVisualStudioVersion = 10.0.40219.1
Project("{FAE04EC0-301F-11D3-BF4B-00C04F79EFBC}") = "InheritanceConsole", "InheritanceConsole.csproj", "{B503720F-17AE-40AF-8E72-EC2E95AA345C}"
EndProject
Global
	GlobalSection(SolutionConfigurationPlatforms) = preSolution
		Debug|Any CPU = Debug|Any CPU
		Release|Any CPU = Release|Any CPU
	EndGlobalSection
	GlobalSection(ProjectConfigurationPlatforms) = postSolution
		{B503720F-17AE-40AF-8E72-EC2E95AA345C}.Debug|Any CPU.ActiveCfg = Debug|Any CPU
		{B503720F-17AE-40AF-8E72-EC2E95AA345C}.Debug|Any CPU.Build.0 = Debug|Any CPU
		{B503720F-17AE-40AF-8E72-EC2E95AA345C}.Release|Any CPU.ActiveCfg = Release|Any CPU
		{B503720F-17AE-40AF-8E72-EC2E95AA345C}.Release|Any CPU.Build.0 = Release|Any CPU
	EndGlobalSection
	GlobalSection(SolutionProperties) = preSolution
		HideSolutionNode = FALSE
	EndGlobalSection
	GlobalSection(ExtensibilityGlobals) = postSolution
		SolutionGuid = {FB6D6ED4-EBC6-4800-B2EF-8264D8A52008}
	EndGlobalSection
EndGlobal
