
Microsoft Visual Studio Solution File, Format Version 12.00
# Visual Studio Version 17
VisualStudioVersion = 17.4.33213.308
MinimumVisualStudioVersion = 10.0.40219.1
Project("{FAE04EC0-301F-11D3-BF4B-00C04F79EFBC}") = "BuildGuess", "BuildGuess.csproj", "{30583D68-1CA3-486A-A26C-1C069BD6CCFE}"
EndProject
Global
	GlobalSection(SolutionConfigurationPlatforms) = preSolution
		Debug|Any CPU = Debug|Any CPU
		Release|Any CPU = Release|Any CPU
	EndGlobalSection
	GlobalSection(ProjectConfigurationPlatforms) = postSolution
		{30583D68-1CA3-486A-A26C-1C069BD6CCFE}.Debug|Any CPU.ActiveCfg = Debug|Any CPU
		{30583D68-1CA3-486A-A26C-1C069BD6CCFE}.Debug|Any CPU.Build.0 = Debug|Any CPU
		{30583D68-1CA3-486A-A26C-1C069BD6CCFE}.Release|Any CPU.ActiveCfg = Release|Any CPU
		{30583D68-1CA3-486A-A26C-1C069BD6CCFE}.Release|Any CPU.Build.0 = Release|Any CPU
	EndGlobalSection
	GlobalSection(SolutionProperties) = preSolution
		HideSolutionNode = FALSE
	EndGlobalSection
	GlobalSection(ExtensibilityGlobals) = postSolution
		SolutionGuid = {359442EC-17FF-4073-92C5-113CC23834E3}
	EndGlobalSection
EndGlobal
